// !$*UTF8*$!
{
	archiveVersion = 1;
	classes = {
	};
	objectVersion = 46;
	objects = {

/* Begin PBXBuildFile section */
		B3351DA51C5C0B1000A65000 /* ChannelCell.swift in Sources */ = {isa = PBXBuildFile; fileRef = B3351DA41C5C0B1000A65000 /* ChannelCell.swift */; };
		B3351DA91C5C0FDD00A65000 /* CountriesViewController.swift in Sources */ = {isa = PBXBuildFile; fileRef = B3351DA81C5C0FDD00A65000 /* CountriesViewController.swift */; };
		B3351DAB1C5C1EDF00A65000 /* WWChannel.swift in Sources */ = {isa = PBXBuildFile; fileRef = B3351DAA1C5C1EDF00A65000 /* WWChannel.swift */; };
		B3351DAD1C5C1EE500A65000 /* WWCountry.swift in Sources */ = {isa = PBXBuildFile; fileRef = B3351DAC1C5C1EE500A65000 /* WWCountry.swift */; };
		B3351DCC1C5C512100A65000 /* SettingsViewController.swift in Sources */ = {isa = PBXBuildFile; fileRef = B3351DCB1C5C512100A65000 /* SettingsViewController.swift */; };
		B3351DCE1C5C515B00A65000 /* SearchResultsController.swift in Sources */ = {isa = PBXBuildFile; fileRef = B3351DCD1C5C515B00A65000 /* SearchResultsController.swift */; };
		B3351DD01C5C5C8D00A65000 /* CustomTabBarController.swift in Sources */ = {isa = PBXBuildFile; fileRef = B3351DCF1C5C5C8D00A65000 /* CustomTabBarController.swift */; };
		B3AA17BB1C5D3D5700202D1B /* vital_co.lsr in Resources */ = {isa = PBXBuildFile; fileRef = B3AA17B91C5D3D5700202D1B /* vital_co.lsr */; };
		B3AA17BD1C5D3DA800202D1B /* startup.png in Resources */ = {isa = PBXBuildFile; fileRef = B3AA17BC1C5D3DA800202D1B /* startup.png */; };
		B3F7C29C1C5AE71C009298BA /* AppDelegate.swift in Sources */ = {isa = PBXBuildFile; fileRef = B3F7C29B1C5AE71C009298BA /* AppDelegate.swift */; };
		B3F7C29E1C5AE71C009298BA /* ChannelsListViewController.swift in Sources */ = {isa = PBXBuildFile; fileRef = B3F7C29D1C5AE71C009298BA /* ChannelsListViewController.swift */; };
		B3F7C2A31C5AE71D009298BA /* Assets.xcassets in Resources */ = {isa = PBXBuildFile; fileRef = B3F7C2A21C5AE71D009298BA /* Assets.xcassets */; };
		B3F7C2AE1C5AE71D009298BA /* WorldwideTVTests.swift in Sources */ = {isa = PBXBuildFile; fileRef = B3F7C2AD1C5AE71D009298BA /* WorldwideTVTests.swift */; };
		B3F7C2B91C5AEB51009298BA /* VideoPlayerController.swift in Sources */ = {isa = PBXBuildFile; fileRef = B3F7C2B81C5AEB51009298BA /* VideoPlayerController.swift */; };
		B3FE8A7C1C7BD3A9006A9CC2 /* Alamofire.framework in Frameworks */ = {isa = PBXBuildFile; fileRef = DB14A3E91C5AF40D0017D048 /* Alamofire.framework */; };
		B3FE8A7D1C7BD3A9006A9CC2 /* Argo.framework in Frameworks */ = {isa = PBXBuildFile; fileRef = DB14A3EA1C5AF40D0017D048 /* Argo.framework */; };
		B3FE8A7E1C7BD3A9006A9CC2 /* AutoLayoutPlusTV.framework in Frameworks */ = {isa = PBXBuildFile; fileRef = B3351DA21C5C0A7400A65000 /* AutoLayoutPlusTV.framework */; };
		B3FE8A7F1C7BD3A9006A9CC2 /* Curry.framework in Frameworks */ = {isa = PBXBuildFile; fileRef = DB14A3E71C5AF4080017D048 /* Curry.framework */; };
		B3FE8A801C7BD3A9006A9CC2 /* Kingfisher.framework in Frameworks */ = {isa = PBXBuildFile; fileRef = DB56EF991C5C5185009E4900 /* Kingfisher.framework */; };
		B3FE8A821C7BD540006A9CC2 /* SwiftyUserDefaults.framework in Frameworks */ = {isa = PBXBuildFile; fileRef = DB1DA6E31C617898005979C1 /* SwiftyUserDefaults.framework */; };
		DB1DA6E21C616E4C005979C1 /* AutomaticSortManager.swift in Sources */ = {isa = PBXBuildFile; fileRef = DB1DA6E11C616E4C005979C1 /* AutomaticSortManager.swift */; };
		DBA46E2E1C5BA15B00146A27 /* WWChannels.swift in Sources */ = {isa = PBXBuildFile; fileRef = DBA46E2D1C5BA15B00146A27 /* WWChannels.swift */; };
		DBB464131C5C22530067EC33 /* TVFetcherService.swift in Sources */ = {isa = PBXBuildFile; fileRef = DBB464121C5C22530067EC33 /* TVFetcherService.swift */; };
		E627ED871CBF82D800B31045 /* channels.json in Resources */ = {isa = PBXBuildFile; fileRef = E627ED861CBF82D800B31045 /* channels.json */; };
/* End PBXBuildFile section */

/* Begin PBXContainerItemProxy section */
		B3F7C2AA1C5AE71D009298BA /* PBXContainerItemProxy */ = {
			isa = PBXContainerItemProxy;
			containerPortal = B3F7C2901C5AE71C009298BA /* Project object */;
			proxyType = 1;
			remoteGlobalIDString = B3F7C2971C5AE71C009298BA;
			remoteInfo = WorldwideTV;
		};
/* End PBXContainerItemProxy section */

/* Begin PBXFileReference section */
		B3351DA21C5C0A7400A65000 /* AutoLayoutPlusTV.framework */ = {isa = PBXFileReference; lastKnownFileType = wrapper.framework; name = AutoLayoutPlusTV.framework; path = Carthage/Build/tvOS/AutoLayoutPlusTV.framework; sourceTree = "<group>"; };
		B3351DA41C5C0B1000A65000 /* ChannelCell.swift */ = {isa = PBXFileReference; fileEncoding = 4; lastKnownFileType = sourcecode.swift; path = ChannelCell.swift; sourceTree = "<group>"; };
		B3351DA81C5C0FDD00A65000 /* CountriesViewController.swift */ = {isa = PBXFileReference; fileEncoding = 4; lastKnownFileType = sourcecode.swift; path = CountriesViewController.swift; sourceTree = "<group>"; };
		B3351DAA1C5C1EDF00A65000 /* WWChannel.swift */ = {isa = PBXFileReference; fileEncoding = 4; lastKnownFileType = sourcecode.swift; path = WWChannel.swift; sourceTree = "<group>"; };
		B3351DAC1C5C1EE500A65000 /* WWCountry.swift */ = {isa = PBXFileReference; fileEncoding = 4; lastKnownFileType = sourcecode.swift; path = WWCountry.swift; sourceTree = "<group>"; };
		B3351DCB1C5C512100A65000 /* SettingsViewController.swift */ = {isa = PBXFileReference; fileEncoding = 4; lastKnownFileType = sourcecode.swift; path = SettingsViewController.swift; sourceTree = "<group>"; };
		B3351DCD1C5C515B00A65000 /* SearchResultsController.swift */ = {isa = PBXFileReference; fileEncoding = 4; lastKnownFileType = sourcecode.swift; path = SearchResultsController.swift; sourceTree = "<group>"; };
		B3351DCF1C5C5C8D00A65000 /* CustomTabBarController.swift */ = {isa = PBXFileReference; fileEncoding = 4; lastKnownFileType = sourcecode.swift; path = CustomTabBarController.swift; sourceTree = "<group>"; };
		B3AA17B91C5D3D5700202D1B /* vital_co.lsr */ = {isa = PBXFileReference; lastKnownFileType = file; name = vital_co.lsr; path = Images/vital_co.lsr; sourceTree = "<group>"; };
		B3AA17BC1C5D3DA800202D1B /* startup.png */ = {isa = PBXFileReference; lastKnownFileType = image.png; name = startup.png; path = Images/startup.png; sourceTree = "<group>"; };
		B3F7C2981C5AE71C009298BA /* WorldwideTV.app */ = {isa = PBXFileReference; explicitFileType = wrapper.application; includeInIndex = 0; path = WorldwideTV.app; sourceTree = BUILT_PRODUCTS_DIR; };
		B3F7C29B1C5AE71C009298BA /* AppDelegate.swift */ = {isa = PBXFileReference; lastKnownFileType = sourcecode.swift; path = AppDelegate.swift; sourceTree = "<group>"; };
		B3F7C29D1C5AE71C009298BA /* ChannelsListViewController.swift */ = {isa = PBXFileReference; lastKnownFileType = sourcecode.swift; path = ChannelsListViewController.swift; sourceTree = "<group>"; };
		B3F7C2A21C5AE71D009298BA /* Assets.xcassets */ = {isa = PBXFileReference; lastKnownFileType = folder.assetcatalog; path = Assets.xcassets; sourceTree = "<group>"; };
		B3F7C2A41C5AE71D009298BA /* Info.plist */ = {isa = PBXFileReference; lastKnownFileType = text.plist.xml; name = Info.plist; path = WorldwideTV/Info.plist; sourceTree = "<group>"; };
		B3F7C2A91C5AE71D009298BA /* WorldwideTVTests.xctest */ = {isa = PBXFileReference; explicitFileType = wrapper.cfbundle; includeInIndex = 0; path = WorldwideTVTests.xctest; sourceTree = BUILT_PRODUCTS_DIR; };
		B3F7C2AD1C5AE71D009298BA /* WorldwideTVTests.swift */ = {isa = PBXFileReference; lastKnownFileType = sourcecode.swift; path = WorldwideTVTests.swift; sourceTree = "<group>"; };
		B3F7C2AF1C5AE71D009298BA /* Info.plist */ = {isa = PBXFileReference; lastKnownFileType = text.plist.xml; path = Info.plist; sourceTree = "<group>"; };
		B3F7C2B81C5AEB51009298BA /* VideoPlayerController.swift */ = {isa = PBXFileReference; fileEncoding = 4; lastKnownFileType = sourcecode.swift; path = VideoPlayerController.swift; sourceTree = "<group>"; };
		DB14A3E71C5AF4080017D048 /* Curry.framework */ = {isa = PBXFileReference; lastKnownFileType = wrapper.framework; name = Curry.framework; path = Carthage/Build/tvOS/Curry.framework; sourceTree = "<group>"; };
		DB14A3E91C5AF40D0017D048 /* Alamofire.framework */ = {isa = PBXFileReference; lastKnownFileType = wrapper.framework; name = Alamofire.framework; path = Carthage/Build/tvOS/Alamofire.framework; sourceTree = "<group>"; };
		DB14A3EA1C5AF40D0017D048 /* Argo.framework */ = {isa = PBXFileReference; lastKnownFileType = wrapper.framework; name = Argo.framework; path = Carthage/Build/tvOS/Argo.framework; sourceTree = "<group>"; };
		DB1DA6E11C616E4C005979C1 /* AutomaticSortManager.swift */ = {isa = PBXFileReference; fileEncoding = 4; lastKnownFileType = sourcecode.swift; path = AutomaticSortManager.swift; sourceTree = "<group>"; };
		DB1DA6E31C617898005979C1 /* SwiftyUserDefaults.framework */ = {isa = PBXFileReference; lastKnownFileType = wrapper.framework; name = SwiftyUserDefaults.framework; path = Carthage/Build/tvOS/SwiftyUserDefaults.framework; sourceTree = "<group>"; };
		DB56EF991C5C5185009E4900 /* Kingfisher.framework */ = {isa = PBXFileReference; lastKnownFileType = wrapper.framework; name = Kingfisher.framework; path = Carthage/Build/tvOS/Kingfisher.framework; sourceTree = "<group>"; };
		DBA46E2D1C5BA15B00146A27 /* WWChannels.swift */ = {isa = PBXFileReference; fileEncoding = 4; lastKnownFileType = sourcecode.swift; path = WWChannels.swift; sourceTree = "<group>"; };
		DBB464121C5C22530067EC33 /* TVFetcherService.swift */ = {isa = PBXFileReference; fileEncoding = 4; lastKnownFileType = sourcecode.swift; path = TVFetcherService.swift; sourceTree = "<group>"; };
		E627ED861CBF82D800B31045 /* channels.json */ = {isa = PBXFileReference; fileEncoding = 4; lastKnownFileType = text.json; path = channels.json; sourceTree = "<group>"; };
/* End PBXFileReference section */

/* Begin PBXFrameworksBuildPhase section */
		B3F7C2951C5AE71C009298BA /* Frameworks */ = {
			isa = PBXFrameworksBuildPhase;
			buildActionMask = 2147483647;
			files = (
				B3FE8A821C7BD540006A9CC2 /* SwiftyUserDefaults.framework in Frameworks */,
				B3FE8A7C1C7BD3A9006A9CC2 /* Alamofire.framework in Frameworks */,
				B3FE8A7D1C7BD3A9006A9CC2 /* Argo.framework in Frameworks */,
				B3FE8A7E1C7BD3A9006A9CC2 /* AutoLayoutPlusTV.framework in Frameworks */,
				B3FE8A7F1C7BD3A9006A9CC2 /* Curry.framework in Frameworks */,
				B3FE8A801C7BD3A9006A9CC2 /* Kingfisher.framework in Frameworks */,
			);
			runOnlyForDeploymentPostprocessing = 0;
		};
		B3F7C2A61C5AE71D009298BA /* Frameworks */ = {
			isa = PBXFrameworksBuildPhase;
			buildActionMask = 2147483647;
			files = (
			);
			runOnlyForDeploymentPostprocessing = 0;
		};
/* End PBXFrameworksBuildPhase section */

/* Begin PBXGroup section */
		B3AA17B71C5D3D4B00202D1B /* Images */ = {
			isa = PBXGroup;
			children = (
				B3AA17BC1C5D3DA800202D1B /* startup.png */,
				B3AA17B91C5D3D5700202D1B /* vital_co.lsr */,
			);
			name = Images;
			sourceTree = "<group>";
		};
		B3AA17BE1C5D3F5400202D1B /* Resources */ = {
			isa = PBXGroup;
			children = (
				E627ED861CBF82D800B31045 /* channels.json */,
				B3F7C2A21C5AE71D009298BA /* Assets.xcassets */,
				B3AA17B71C5D3D4B00202D1B /* Images */,
			);
			name = Resources;
			sourceTree = "<group>";
		};
		B3F7C28F1C5AE71C009298BA = {
			isa = PBXGroup;
			children = (
				DB1DA6E31C617898005979C1 /* SwiftyUserDefaults.framework */,
				DB56EF991C5C5185009E4900 /* Kingfisher.framework */,
				B3351DA21C5C0A7400A65000 /* AutoLayoutPlusTV.framework */,
				DB14A3E91C5AF40D0017D048 /* Alamofire.framework */,
				DB14A3EA1C5AF40D0017D048 /* Argo.framework */,
				DB14A3E71C5AF4080017D048 /* Curry.framework */,
				B3F7C29A1C5AE71C009298BA /* WorldwideTV */,
				B3F7C2A41C5AE71D009298BA /* Info.plist */,
				B3F7C2AC1C5AE71D009298BA /* WorldwideTVTests */,
				B3F7C2991C5AE71C009298BA /* Products */,
			);
			sourceTree = "<group>";
		};
		B3F7C2991C5AE71C009298BA /* Products */ = {
			isa = PBXGroup;
			children = (
				B3F7C2981C5AE71C009298BA /* WorldwideTV.app */,
				B3F7C2A91C5AE71D009298BA /* WorldwideTVTests.xctest */,
			);
			name = Products;
			sourceTree = "<group>";
		};
		B3F7C29A1C5AE71C009298BA /* WorldwideTV */ = {
			isa = PBXGroup;
			children = (
				DB56EF981C5C473A009E4900 /* misc */,
				DB56EF971C5C4720009E4900 /* tables */,
				DB56EF961C5C4719009E4900 /* delegates */,
				DB56EF951C5C470C009E4900 /* viewControllers */,
				DBA46E2F1C5BA16300146A27 /* models */,
				B3AA17BE1C5D3F5400202D1B /* Resources */,
			);
			path = WorldwideTV;
			sourceTree = "<group>";
		};
		B3F7C2AC1C5AE71D009298BA /* WorldwideTVTests */ = {
			isa = PBXGroup;
			children = (
				B3F7C2AD1C5AE71D009298BA /* WorldwideTVTests.swift */,
				B3F7C2AF1C5AE71D009298BA /* Info.plist */,
			);
			path = WorldwideTVTests;
			sourceTree = "<group>";
		};
		DB56EF951C5C470C009E4900 /* viewControllers */ = {
			isa = PBXGroup;
			children = (
				B3351DCF1C5C5C8D00A65000 /* CustomTabBarController.swift */,
				B3351DA81C5C0FDD00A65000 /* CountriesViewController.swift */,
				B3F7C29D1C5AE71C009298BA /* ChannelsListViewController.swift */,
				B3351DCD1C5C515B00A65000 /* SearchResultsController.swift */,
				B3351DCB1C5C512100A65000 /* SettingsViewController.swift */,
				B3F7C2B81C5AEB51009298BA /* VideoPlayerController.swift */,
			);
			name = viewControllers;
			sourceTree = "<group>";
		};
		DB56EF961C5C4719009E4900 /* delegates */ = {
			isa = PBXGroup;
			children = (
				B3F7C29B1C5AE71C009298BA /* AppDelegate.swift */,
			);
			name = delegates;
			sourceTree = "<group>";
		};
		DB56EF971C5C4720009E4900 /* tables */ = {
			isa = PBXGroup;
			children = (
				B3351DA41C5C0B1000A65000 /* ChannelCell.swift */,
			);
			name = tables;
			sourceTree = "<group>";
		};
		DB56EF981C5C473A009E4900 /* misc */ = {
			isa = PBXGroup;
			children = (
				DB1DA6E11C616E4C005979C1 /* AutomaticSortManager.swift */,
				DBB464121C5C22530067EC33 /* TVFetcherService.swift */,
			);
			name = misc;
			sourceTree = "<group>";
		};
		DBA46E2F1C5BA16300146A27 /* models */ = {
			isa = PBXGroup;
			children = (
				DBA46E2D1C5BA15B00146A27 /* WWChannels.swift */,
				B3351DAA1C5C1EDF00A65000 /* WWChannel.swift */,
				B3351DAC1C5C1EE500A65000 /* WWCountry.swift */,
			);
			name = models;
			sourceTree = "<group>";
		};
/* End PBXGroup section */

/* Begin PBXNativeTarget section */
		B3F7C2971C5AE71C009298BA /* WorldwideTV */ = {
			isa = PBXNativeTarget;
			buildConfigurationList = B3F7C2B21C5AE71D009298BA /* Build configuration list for PBXNativeTarget "WorldwideTV" */;
			buildPhases = (
				B3F7C2941C5AE71C009298BA /* Sources */,
				B3F7C2951C5AE71C009298BA /* Frameworks */,
				B3F7C2961C5AE71C009298BA /* Resources */,
				B3FE8A811C7BD3D6006A9CC2 /* Copy carthage frameworks */,
			);
			buildRules = (
			);
			dependencies = (
			);
			name = WorldwideTV;
			productName = WorldwideTV;
			productReference = B3F7C2981C5AE71C009298BA /* WorldwideTV.app */;
			productType = "com.apple.product-type.application";
		};
		B3F7C2A81C5AE71D009298BA /* WorldwideTVTests */ = {
			isa = PBXNativeTarget;
			buildConfigurationList = B3F7C2B51C5AE71D009298BA /* Build configuration list for PBXNativeTarget "WorldwideTVTests" */;
			buildPhases = (
				B3F7C2A51C5AE71D009298BA /* Sources */,
				B3F7C2A61C5AE71D009298BA /* Frameworks */,
				B3F7C2A71C5AE71D009298BA /* Resources */,
			);
			buildRules = (
			);
			dependencies = (
				B3F7C2AB1C5AE71D009298BA /* PBXTargetDependency */,
			);
			name = WorldwideTVTests;
			productName = WorldwideTVTests;
			productReference = B3F7C2A91C5AE71D009298BA /* WorldwideTVTests.xctest */;
			productType = "com.apple.product-type.bundle.unit-test";
		};
/* End PBXNativeTarget section */

/* Begin PBXProject section */
		B3F7C2901C5AE71C009298BA /* Project object */ = {
			isa = PBXProject;
			attributes = {
				LastSwiftUpdateCheck = 0720;
				LastUpgradeCheck = 0720;
				ORGANIZATIONNAME = WorldwideTV;
				TargetAttributes = {
					B3F7C2971C5AE71C009298BA = {
						CreatedOnToolsVersion = 7.2;
					};
					B3F7C2A81C5AE71D009298BA = {
						CreatedOnToolsVersion = 7.2;
						TestTargetID = B3F7C2971C5AE71C009298BA;
					};
				};
			};
			buildConfigurationList = B3F7C2931C5AE71C009298BA /* Build configuration list for PBXProject "WorldwideTV" */;
			compatibilityVersion = "Xcode 3.2";
			developmentRegion = English;
			hasScannedForEncodings = 0;
			knownRegions = (
				en,
				Base,
			);
			mainGroup = B3F7C28F1C5AE71C009298BA;
			productRefGroup = B3F7C2991C5AE71C009298BA /* Products */;
			projectDirPath = "";
			projectRoot = "";
			targets = (
				B3F7C2971C5AE71C009298BA /* WorldwideTV */,
				B3F7C2A81C5AE71D009298BA /* WorldwideTVTests */,
			);
		};
/* End PBXProject section */

/* Begin PBXResourcesBuildPhase section */
		B3F7C2961C5AE71C009298BA /* Resources */ = {
			isa = PBXResourcesBuildPhase;
			buildActionMask = 2147483647;
			files = (
				B3F7C2A31C5AE71D009298BA /* Assets.xcassets in Resources */,
				E627ED871CBF82D800B31045 /* channels.json in Resources */,
				B3AA17BB1C5D3D5700202D1B /* vital_co.lsr in Resources */,
				B3AA17BD1C5D3DA800202D1B /* startup.png in Resources */,
			);
			runOnlyForDeploymentPostprocessing = 0;
		};
		B3F7C2A71C5AE71D009298BA /* Resources */ = {
			isa = PBXResourcesBuildPhase;
			buildActionMask = 2147483647;
			files = (
			);
			runOnlyForDeploymentPostprocessing = 0;
		};
/* End PBXResourcesBuildPhase section */

/* Begin PBXShellScriptBuildPhase section */
		B3FE8A811C7BD3D6006A9CC2 /* Copy carthage frameworks */ = {
			isa = PBXShellScriptBuildPhase;
			buildActionMask = 2147483647;
			files = (
			);
			inputPaths = (
				"$(SRCROOT)/Carthage/Build/tvOS/Alamofire.framework",
				"$(SRCROOT)/Carthage/Build/tvOS/Argo.framework",
				"$(SRCROOT)/Carthage/Build/tvOS/AutoLayoutPlusTV.framework",
				"$(SRCROOT)/Carthage/Build/tvOS/Curry.framework",
				"$(SRCROOT)/Carthage/Build/tvOS/Kingfisher.framework",
				"$(SRCROOT)/Carthage/Build/tvOS/SwiftyUserDefaults.framework",
			);
			name = "Copy carthage frameworks";
			outputPaths = (
			);
			runOnlyForDeploymentPostprocessing = 0;
			shellPath = /bin/sh;
			shellScript = "/usr/local/bin/carthage copy-frameworks";
		};
/* End PBXShellScriptBuildPhase section */

/* Begin PBXSourcesBuildPhase section */
		B3F7C2941C5AE71C009298BA /* Sources */ = {
			isa = PBXSourcesBuildPhase;
			buildActionMask = 2147483647;
			files = (
				DBB464131C5C22530067EC33 /* TVFetcherService.swift in Sources */,
				B3F7C29E1C5AE71C009298BA /* ChannelsListViewController.swift in Sources */,
				DB1DA6E21C616E4C005979C1 /* AutomaticSortManager.swift in Sources */,
				B3351DCC1C5C512100A65000 /* SettingsViewController.swift in Sources */,
				B3351DAD1C5C1EE500A65000 /* WWCountry.swift in Sources */,
				B3351DAB1C5C1EDF00A65000 /* WWChannel.swift in Sources */,
				B3F7C29C1C5AE71C009298BA /* AppDelegate.swift in Sources */,
				B3351DCE1C5C515B00A65000 /* SearchResultsController.swift in Sources */,
				B3351DA91C5C0FDD00A65000 /* CountriesViewController.swift in Sources */,
				B3351DA51C5C0B1000A65000 /* ChannelCell.swift in Sources */,
				B3351DD01C5C5C8D00A65000 /* CustomTabBarController.swift in Sources */,
				DBA46E2E1C5BA15B00146A27 /* WWChannels.swift in Sources */,
				B3F7C2B91C5AEB51009298BA /* VideoPlayerController.swift in Sources */,
			);
			runOnlyForDeploymentPostprocessing = 0;
		};
		B3F7C2A51C5AE71D009298BA /* Sources */ = {
			isa = PBXSourcesBuildPhase;
			buildActionMask = 2147483647;
			files = (
				B3F7C2AE1C5AE71D009298BA /* WorldwideTVTests.swift in Sources */,
			);
			runOnlyForDeploymentPostprocessing = 0;
		};
/* End PBXSourcesBuildPhase section */

/* Begin PBXTargetDependency section */
		B3F7C2AB1C5AE71D009298BA /* PBXTargetDependency */ = {
			isa = PBXTargetDependency;
			target = B3F7C2971C5AE71C009298BA /* WorldwideTV */;
			targetProxy = B3F7C2AA1C5AE71D009298BA /* PBXContainerItemProxy */;
		};
/* End PBXTargetDependency section */

/* Begin XCBuildConfiguration section */
		B3F7C2B01C5AE71D009298BA /* Debug */ = {
			isa = XCBuildConfiguration;
			buildSettings = {
				ALWAYS_SEARCH_USER_PATHS = NO;
				CLANG_CXX_LANGUAGE_STANDARD = "gnu++0x";
				CLANG_CXX_LIBRARY = "libc++";
				CLANG_ENABLE_MODULES = YES;
				CLANG_ENABLE_OBJC_ARC = YES;
				CLANG_WARN_BOOL_CONVERSION = YES;
				CLANG_WARN_CONSTANT_CONVERSION = YES;
				CLANG_WARN_DIRECT_OBJC_ISA_USAGE = YES_ERROR;
				CLANG_WARN_EMPTY_BODY = YES;
				CLANG_WARN_ENUM_CONVERSION = YES;
				CLANG_WARN_INT_CONVERSION = YES;
				CLANG_WARN_OBJC_ROOT_CLASS = YES_ERROR;
				CLANG_WARN_UNREACHABLE_CODE = YES;
				CLANG_WARN__DUPLICATE_METHOD_MATCH = YES;
				COPY_PHASE_STRIP = NO;
				DEBUG_INFORMATION_FORMAT = dwarf;
				ENABLE_STRICT_OBJC_MSGSEND = YES;
				ENABLE_TESTABILITY = YES;
				GCC_C_LANGUAGE_STANDARD = gnu99;
				GCC_DYNAMIC_NO_PIC = NO;
				GCC_NO_COMMON_BLOCKS = YES;
				GCC_OPTIMIZATION_LEVEL = 0;
				GCC_PREPROCESSOR_DEFINITIONS = (
					"DEBUG=1",
					"$(inherited)",
				);
				GCC_WARN_64_TO_32_BIT_CONVERSION = YES;
				GCC_WARN_ABOUT_RETURN_TYPE = YES_ERROR;
				GCC_WARN_UNDECLARED_SELECTOR = YES;
				GCC_WARN_UNINITIALIZED_AUTOS = YES_AGGRESSIVE;
				GCC_WARN_UNUSED_FUNCTION = YES;
				GCC_WARN_UNUSED_VARIABLE = YES;
				MTL_ENABLE_DEBUG_INFO = YES;
				ONLY_ACTIVE_ARCH = YES;
				SDKROOT = appletvos;
				SWIFT_OPTIMIZATION_LEVEL = "-Onone";
				TARGETED_DEVICE_FAMILY = 3;
				TVOS_DEPLOYMENT_TARGET = 9.1;
			};
			name = Debug;
		};
		B3F7C2B11C5AE71D009298BA /* Release */ = {
			isa = XCBuildConfiguration;
			buildSettings = {
				ALWAYS_SEARCH_USER_PATHS = NO;
				CLANG_CXX_LANGUAGE_STANDARD = "gnu++0x";
				CLANG_CXX_LIBRARY = "libc++";
				CLANG_ENABLE_MODULES = YES;
				CLANG_ENABLE_OBJC_ARC = YES;
				CLANG_WARN_BOOL_CONVERSION = YES;
				CLANG_WARN_CONSTANT_CONVERSION = YES;
				CLANG_WARN_DIRECT_OBJC_ISA_USAGE = YES_ERROR;
				CLANG_WARN_EMPTY_BODY = YES;
				CLANG_WARN_ENUM_CONVERSION = YES;
				CLANG_WARN_INT_CONVERSION = YES;
				CLANG_WARN_OBJC_ROOT_CLASS = YES_ERROR;
				CLANG_WARN_UNREACHABLE_CODE = YES;
				CLANG_WARN__DUPLICATE_METHOD_MATCH = YES;
				COPY_PHASE_STRIP = NO;
				DEBUG_INFORMATION_FORMAT = "dwarf-with-dsym";
				ENABLE_NS_ASSERTIONS = NO;
				ENABLE_STRICT_OBJC_MSGSEND = YES;
				GCC_C_LANGUAGE_STANDARD = gnu99;
				GCC_NO_COMMON_BLOCKS = YES;
				GCC_WARN_64_TO_32_BIT_CONVERSION = YES;
				GCC_WARN_ABOUT_RETURN_TYPE = YES_ERROR;
				GCC_WARN_UNDECLARED_SELECTOR = YES;
				GCC_WARN_UNINITIALIZED_AUTOS = YES_AGGRESSIVE;
				GCC_WARN_UNUSED_FUNCTION = YES;
				GCC_WARN_UNUSED_VARIABLE = YES;
				MTL_ENABLE_DEBUG_INFO = NO;
				SDKROOT = appletvos;
				TARGETED_DEVICE_FAMILY = 3;
				TVOS_DEPLOYMENT_TARGET = 9.1;
				VALIDATE_PRODUCT = YES;
			};
			name = Release;
		};
		B3F7C2B31C5AE71D009298BA /* Debug */ = {
			isa = XCBuildConfiguration;
			buildSettings = {
				ASSETCATALOG_COMPILER_APPICON_NAME = "App Icon & Top Shelf Image";
				ASSETCATALOG_COMPILER_LAUNCHIMAGE_NAME = LaunchImage;
				FRAMEWORK_SEARCH_PATHS = (
					"$(inherited)",
					"$(PROJECT_DIR)/Carthage/Build/",
					"$(PROJECT_DIR)/Carthage/Build/tvOS",
				);
				INFOPLIST_FILE = WorldwideTV/Info.plist;
				LD_RUNPATH_SEARCH_PATHS = "$(inherited) @executable_path/Frameworks";
				PRODUCT_BUNDLE_IDENTIFIER = WorldwideTV.WorldwideTV;
				PRODUCT_NAME = "$(TARGET_NAME)";
				TVOS_DEPLOYMENT_TARGET = 9.0;
			};
			name = Debug;
		};
		B3F7C2B41C5AE71D009298BA /* Release */ = {
			isa = XCBuildConfiguration;
			buildSettings = {
				ASSETCATALOG_COMPILER_APPICON_NAME = "App Icon & Top Shelf Image";
				ASSETCATALOG_COMPILER_LAUNCHIMAGE_NAME = LaunchImage;
				FRAMEWORK_SEARCH_PATHS = (
					"$(inherited)",
					"$(PROJECT_DIR)/Carthage/Build/",
					"$(PROJECT_DIR)/Carthage/Build/tvOS",
				);
				INFOPLIST_FILE = WorldwideTV/Info.plist;
				LD_RUNPATH_SEARCH_PATHS = "$(inherited) @executable_path/Frameworks";
				PRODUCT_BUNDLE_IDENTIFIER = WorldwideTV.WorldwideTV;
				PRODUCT_NAME = "$(TARGET_NAME)";
				TVOS_DEPLOYMENT_TARGET = 9.0;
			};
			name = Release;
		};
		B3F7C2B61C5AE71D009298BA /* Debug */ = {
			isa = XCBuildConfiguration;
			buildSettings = {
				BUNDLE_LOADER = "$(TEST_HOST)";
				INFOPLIST_FILE = WorldwideTVTests/Info.plist;
				LD_RUNPATH_SEARCH_PATHS = "$(inherited) @executable_path/Frameworks @loader_path/Frameworks";
				PRODUCT_BUNDLE_IDENTIFIER = WorldwideTV.WorldwideTVTests;
				PRODUCT_NAME = "$(TARGET_NAME)";
				TEST_HOST = "$(BUILT_PRODUCTS_DIR)/WorldwideTV.app/WorldwideTV";
			};
			name = Debug;
		};
		B3F7C2B71C5AE71D009298BA /* Release */ = {
			isa = XCBuildConfiguration;
			buildSettings = {
				BUNDLE_LOADER = "$(TEST_HOST)";
				INFOPLIST_FILE = WorldwideTVTests/Info.plist;
				LD_RUNPATH_SEARCH_PATHS = "$(inherited) @executable_path/Frameworks @loader_path/Frameworks";
				PRODUCT_BUNDLE_IDENTIFIER = WorldwideTV.WorldwideTVTests;
				PRODUCT_NAME = "$(TARGET_NAME)";
				TEST_HOST = "$(BUILT_PRODUCTS_DIR)/WorldwideTV.app/WorldwideTV";
			};
			name = Release;
		};
/* End XCBuildConfiguration section */

/* Begin XCConfigurationList section */
		B3F7C2931C5AE71C009298BA /* Build configuration list for PBXProject "WorldwideTV" */ = {
			isa = XCConfigurationList;
			buildConfigurations = (
				B3F7C2B01C5AE71D009298BA /* Debug */,
				B3F7C2B11C5AE71D009298BA /* Release */,
			);
			defaultConfigurationIsVisible = 0;
			defaultConfigurationName = Release;
		};
		B3F7C2B21C5AE71D009298BA /* Build configuration list for PBXNativeTarget "WorldwideTV" */ = {
			isa = XCConfigurationList;
			buildConfigurations = (
				B3F7C2B31C5AE71D009298BA /* Debug */,
				B3F7C2B41C5AE71D009298BA /* Release */,
			);
			defaultConfigurationIsVisible = 0;
			defaultConfigurationName = Release;
		};
		B3F7C2B51C5AE71D009298BA /* Build configuration list for PBXNativeTarget "WorldwideTVTests" */ = {
			isa = XCConfigurationList;
			buildConfigurations = (
				B3F7C2B61C5AE71D009298BA /* Debug */,
				B3F7C2B71C5AE71D009298BA /* Release */,
			);
			defaultConfigurationIsVisible = 0;
			defaultConfigurationName = Release;
		};
/* End XCConfigurationList section */
	};
	rootObject = B3F7C2901C5AE71C009298BA /* Project object */;
}
